<Solution>
  <Folder Name="/src/" />
  <Folder Name="/src/Banshee/">
    <Project Path="src/Banshee/Viv.Aoi/Viv.Aoi.csproj" Id="67f8aa78-ac0b-458f-85dc-4011a9aaaf30" />
    <Project Path="src/Banshee/Viv.Cli/Viv.Cli.csproj" />
    <Project Path="src/Banshee/Viv.Clockwork/Viv.Clockwork.csproj" Id="4c480410-df3f-44e5-b633-306470809d50" />
    <Project Path="src/Banshee/Viv.Contracts/Viv.Contracts.csproj" Id="144cfe27-7b72-44fc-84b5-75f5c445a624" />
    <Project Path="src/Banshee/Viv.Delusion/Viv.Delusion.csproj" Id="84932db9-d330-40dc-bd2c-e3f02aee6070" />
    <Project Path="src/Banshee/Viv.Echo/Viv.Echo.csproj" />
    <Project Path="src/Banshee/Viv.Engine/Viv.Engine.csproj" Id="be371f7c-f2e3-4fd5-b0f0-8122cc7c565c" />
    <Project Path="src/Banshee/Viv.Forge/Viv.Forge.csproj" />
    <Project Path="src/Banshee/Viv.Log/Viv.Log.csproj" Id="7d692cdd-d7df-4ad5-a468-c917fb419aef" />
    <Project Path="src/Banshee/Viv.Momo/Viv.Momo.csproj" Id="51d56628-8714-42f2-bcb7-b7606977eb48" />
    <Project Path="src/Banshee/Viv.Nana/Viv.Nana.csproj" Id="e894e65e-43a7-465b-8fb4-53e30e86eba2" />
    <Project Path="src/Banshee/Viv.Redis/Viv.Redis.csproj" Id="681e717d-013f-40c7-9bba-589b9ddf3629" />
    <Project Path="src/Banshee/Viv.Sandrone/Viv.Sandrone.csproj" Id="ba236dd9-a8cd-4150-bc58-16aea65e2704" />
  </Folder>
  <Folder Name="/src/Doc/">
    <File Path="docker-compose.yml" />
  </Folder>
  <Folder Name="/src/Test/">
    <Project Path="src/Test/Viv.Test/Viv.Test.csproj" Id="e53540db-bd61-4609-852e-ab4806374b28" />
  </Folder>
  <Folder Name="/src/Vivian/">
    <Project Path="src/Vivian/Viv.Elysia/Viv.Elysia.csproj" Id="e55f97d7-954b-4df1-84d5-f94197b74a64" />
    <Project Path="src/Vivian/Viv.Entity/Viv.Entity.csproj" Id="9630f360-f175-4db4-b06c-72b2730bf351" />
    <Project Path="src/Vivian/Viv.EventContracts/Viv.EventContracts.csproj" Id="d57ba383-4d07-4564-8be6-5dcbddbab6b6" />
    <Project Path="src/Vivian/Viv.Sdk/Viv.Sdk.csproj" Id="c5bf3413-d555-4a9e-bd82-16ceb43b0206" />
  </Folder>
  <Folder Name="/src/Vivian/Apex/">
    <Project Path="src/Vivian/Viv.Apex.Api/Viv.Apex.Api.csproj" />
    <Project Path="src/Vivian/Viv.Apex.Core/Viv.Apex.Core.csproj" Id="ea22c3ae-b774-45a4-b55c-328ce12c4213" />
    <Project Path="src/Vivian/Viv.Apex.Worker/Viv.Apex.Worker.csproj" />
  </Folder>
  <Folder Name="/src/Vivian/Aspire/">
    <Project Path="src/Vivian/Viv.Aspire/Viv.Aspire.AppHost/Viv.Aspire.AppHost.csproj" Id="fbb6390a-0c47-4336-bac9-6c43cb13cb98" />
    <Project Path="src/Vivian/Viv.Aspire/Viv.Aspire.Gateway/Viv.Aspire.Gateway.csproj" />
    <Project Path="src/Vivian/Viv.Aspire/Viv.Aspire.ServiceDefaults/Viv.Aspire.ServiceDefaults.csproj" />
  </Folder>
  <Folder Name="/src/Vivian/DeepRed/">
    <Project Path="src/Vivian/Viv.DeepRed.Api/Viv.DeepRed.Api.csproj" />
    <Project Path="src/Vivian/Viv.DeepRed.Core/Viv.DeepRed.Core.csproj" Id="13fbeb5a-0504-4851-a62f-53c3c9f1d5e0" />
    <Project Path="src/Vivian/Viv.DeepRed.Worker/Viv.DeepRed.Worker.csproj" />
  </Folder>
  <Folder Name="/src/Vivian/Herta/">
    <Project Path="src/Vivian/Viv.Herta.Api/Viv.Herta.Api.csproj" />
    <Project Path="src/Vivian/Viv.Herta.Core/Viv.Herta.Core.csproj" Id="cf06d83e-8637-4bd2-b96f-e73975450007" />
    <Project Path="src/Vivian/Viv.Herta.Link/Viv.Herta.Link.csproj" />
  </Folder>
  <Folder Name="/src/Vivian/SakuMai/">
    <Project Path="src/Vivian/Viv.SakuMai.Api/Viv.SakuMai.Api.csproj" />
  </Folder>
</Solution>
