<Solution>
  <Folder Name="/src/" />
  <Folder Name="/src/Banshee/">
    <Project Path="src/Banshee/Viv.Aoi/Viv.Aoi.csproj" Id="67f8aa78-ac0b-458f-85dc-4011a9aaaf30" />
    <Project Path="src/Banshee/Viv.Authentication/Viv.Authentication.csproj" Id="4f3a38c0-fa59-43f9-8b2f-f643dd4b61f7" />
    <Project Path="src/Banshee/Viv.Contracts/Viv.Contracts.csproj" Id="144cfe27-7b72-44fc-84b5-75f5c445a624" />
    <Project Path="src/Banshee/Viv.Engine/Viv.Engine.csproj" Id="be371f7c-f2e3-4fd5-b0f0-8122cc7c565c" />
    <Project Path="src/Banshee/Viv.Log/Viv.Log.csproj" Id="3a99d054-ef25-48f4-8e09-02125198e390" />
    <Project Path="src/Banshee/Viv.Momo/Viv.Momo.csproj" Id="51d56628-8714-42f2-bcb7-b7606977eb48" />
    <Project Path="src/Banshee/Viv.Nana/Viv.Nana.csproj" Id="e894e65e-43a7-465b-8fb4-53e30e86eba2" />
    <Project Path="src/Banshee/Viv.Redis/Viv.Redis.csproj" Id="681e717d-013f-40c7-9bba-589b9ddf3629" />
    <Project Path="src/Banshee/Viv.Vva/Viv.Vva.csproj" />
  </Folder>
  <Folder Name="/src/Doc/">
    <File Path="docker-compose.yml" />
  </Folder>
  <Folder Name="/src/Test/">
    <Project Path="src/Test/Viv.Test/Viv.Test.csproj" Id="e53540db-bd61-4609-852e-ab4806374b28" />
  </Folder>
  <Folder Name="/src/Vivian/" />
  <Folder Name="/src/Vivian/Ami/">
    <Project Path="src/Vivian/Viv.Elysia/Viv.Elysia.csproj" Id="e55f97d7-954b-4df1-84d5-f94197b74a64" />
    <Project Path="src/Vivian/Viv.Entity/Viv.Entity.csproj" Id="9630f360-f175-4db4-b06c-72b2730bf351" />
    <Project Path="src/Vivian/Viv.Sdk/Viv.Sdk.csproj" Id="c5bf3413-d555-4a9e-bd82-16ceb43b0206" />
    <Project Path="src/Vivian/Viv.Toolkit/Viv.Toolkit.csproj" Id="bd421f34-2543-4f9a-91cc-23b79c7e6907" />
  </Folder>
  <Folder Name="/src/Vivian/Apex/">
    <Project Path="src/Vivian/Viv.Apex.Api/Viv.Apex.Api.csproj" />
    <Project Path="src/Vivian/Viv.Apex.Core/Viv.Apex.Core.csproj" Id="ea22c3ae-b774-45a4-b55c-328ce12c4213" />
  </Folder>
  <Folder Name="/src/Vivian/Aspire/">
    <Project Path="src/Vivian/Viv.Aspire/Viv.Aspire.AppHost/Viv.Aspire.AppHost.csproj" Id="fbb6390a-0c47-4336-bac9-6c43cb13cb98" />
    <Project Path="src/Vivian/Viv.Aspire/Viv.Aspire.Gateway/Viv.Aspire.Gateway.csproj" />
    <Project Path="src/Vivian/Viv.Aspire/Viv.Aspire.ServiceDefaults/Viv.Aspire.ServiceDefaults.csproj" />
  </Folder>
  <Folder Name="/src/Vivian/Herta/">
    <Project Path="src/Vivian/Viv.Herta.Api/Viv.Herta.Api.csproj" />
    <Project Path="src/Vivian/Viv.Herta.Core/Viv.Herta.Core.csproj" Id="cf06d83e-8637-4bd2-b96f-e73975450007" />
    <Project Path="src/Vivian/Viv.Herta.Link/Viv.Herta.Link.csproj" />
  </Folder>
  <Folder Name="/src/Vivian/Robin/">
    <Project Path="src/Vivian/Viv.Robin.Api/Viv.Robin.Api.csproj" />
  </Folder>
</Solution>
